// !$*UTF8*$!
{
	archiveVersion = 1;
	classes = {
	};
	objectVersion = 50;
	objects = {

/* Begin PBXBuildFile section */
		442F850B236EC7E6007B3CD1 /* AppDelegate.swift in Sources */ = {isa = PBXBuildFile; fileRef = 442F850A236EC7E6007B3CD1 /* AppDelegate.swift */; };
		442F850D236EC7E6007B3CD1 /* SceneDelegate.swift in Sources */ = {isa = PBXBuildFile; fileRef = 442F850C236EC7E6007B3CD1 /* SceneDelegate.swift */; };
		442F850F236EC7E6007B3CD1 /* CompanyTableViewController.swift in Sources */ = {isa = PBXBuildFile; fileRef = 442F850E236EC7E6007B3CD1 /* CompanyTableViewController.swift */; };
		442F8512236EC7E6007B3CD1 /* Main.storyboard in Resources */ = {isa = PBXBuildFile; fileRef = 442F8510236EC7E6007B3CD1 /* Main.storyboard */; };
		442F8515236EC7E6007B3CD1 /* Filistovich_Ruslan_CoreData_wh.xcdatamodeld in Sources */ = {isa = PBXBuildFile; fileRef = 442F8513236EC7E6007B3CD1 /* Filistovich_Ruslan_CoreData_wh.xcdatamodeld */; };
		442F8517236EC7EA007B3CD1 /* Assets.xcassets in Resources */ = {isa = PBXBuildFile; fileRef = 442F8516236EC7EA007B3CD1 /* Assets.xcassets */; };
		442F851A236EC7EB007B3CD1 /* LaunchScreen.storyboard in Resources */ = {isa = PBXBuildFile; fileRef = 442F8518236EC7EB007B3CD1 /* LaunchScreen.storyboard */; };
		444040E02370BBE500A9C9ED /* Person+CoreDataClass.swift in Sources */ = {isa = PBXBuildFile; fileRef = 444040DC2370BBE500A9C9ED /* Person+CoreDataClass.swift */; };
		444040E12370BBE500A9C9ED /* Person+CoreDataProperties.swift in Sources */ = {isa = PBXBuildFile; fileRef = 444040DD2370BBE500A9C9ED /* Person+CoreDataProperties.swift */; };
		444040E22370BBE500A9C9ED /* Company+CoreDataClass.swift in Sources */ = {isa = PBXBuildFile; fileRef = 444040DE2370BBE500A9C9ED /* Company+CoreDataClass.swift */; };
		444040E32370BBE500A9C9ED /* Company+CoreDataProperties.swift in Sources */ = {isa = PBXBuildFile; fileRef = 444040DF2370BBE500A9C9ED /* Company+CoreDataProperties.swift */; };
		444F9ED323757980004ED5C6 /* PersonCompanyTableViewController.swift in Sources */ = {isa = PBXBuildFile; fileRef = 444F9ED223757980004ED5C6 /* PersonCompanyTableViewController.swift */; };
		444F9ED523757CC0004ED5C6 /* PersonCompanyTableViewCell.swift in Sources */ = {isa = PBXBuildFile; fileRef = 444F9ED423757CBF004ED5C6 /* PersonCompanyTableViewCell.swift */; };
		444F9ED72375A644004ED5C6 /* EditPersonViewController.swift in Sources */ = {isa = PBXBuildFile; fileRef = 444F9ED62375A644004ED5C6 /* EditPersonViewController.swift */; };
/* End PBXBuildFile section */

/* Begin PBXFileReference section */
		442F8507236EC7E6007B3CD1 /* Filistovich_Ruslan_CoreData_wh.app */ = {isa = PBXFileReference; explicitFileType = wrapper.application; includeInIndex = 0; path = Filistovich_Ruslan_CoreData_wh.app; sourceTree = BUILT_PRODUCTS_DIR; };
		442F850A236EC7E6007B3CD1 /* AppDelegate.swift */ = {isa = PBXFileReference; lastKnownFileType = sourcecode.swift; path = AppDelegate.swift; sourceTree = "<group>"; };
		442F850C236EC7E6007B3CD1 /* SceneDelegate.swift */ = {isa = PBXFileReference; lastKnownFileType = sourcecode.swift; path = SceneDelegate.swift; sourceTree = "<group>"; };
		442F850E236EC7E6007B3CD1 /* CompanyTableViewController.swift */ = {isa = PBXFileReference; lastKnownFileType = sourcecode.swift; path = CompanyTableViewController.swift; sourceTree = "<group>"; };
		442F8511236EC7E6007B3CD1 /* Base */ = {isa = PBXFileReference; lastKnownFileType = file.storyboard; name = Base; path = Base.lproj/Main.storyboard; sourceTree = "<group>"; };
		442F8514236EC7E6007B3CD1 /* Filistovich_Ruslan_CoreData_wh.xcdatamodel */ = {isa = PBXFileReference; lastKnownFileType = wrapper.xcdatamodel; path = Filistovich_Ruslan_CoreData_wh.xcdatamodel; sourceTree = "<group>"; };
		442F8516236EC7EA007B3CD1 /* Assets.xcassets */ = {isa = PBXFileReference; lastKnownFileType = folder.assetcatalog; path = Assets.xcassets; sourceTree = "<group>"; };
		442F8519236EC7EB007B3CD1 /* Base */ = {isa = PBXFileReference; lastKnownFileType = file.storyboard; name = Base; path = Base.lproj/LaunchScreen.storyboard; sourceTree = "<group>"; };
		442F851B236EC7EB007B3CD1 /* Info.plist */ = {isa = PBXFileReference; lastKnownFileType = text.plist.xml; path = Info.plist; sourceTree = "<group>"; };
		444040DC2370BBE500A9C9ED /* Person+CoreDataClass.swift */ = {isa = PBXFileReference; lastKnownFileType = sourcecode.swift; path = "Person+CoreDataClass.swift"; sourceTree = "<group>"; };
		444040DD2370BBE500A9C9ED /* Person+CoreDataProperties.swift */ = {isa = PBXFileReference; lastKnownFileType = sourcecode.swift; path = "Person+CoreDataProperties.swift"; sourceTree = "<group>"; };
		444040DE2370BBE500A9C9ED /* Company+CoreDataClass.swift */ = {isa = PBXFileReference; lastKnownFileType = sourcecode.swift; path = "Company+CoreDataClass.swift"; sourceTree = "<group>"; };
		444040DF2370BBE500A9C9ED /* Company+CoreDataProperties.swift */ = {isa = PBXFileReference; lastKnownFileType = sourcecode.swift; path = "Company+CoreDataProperties.swift"; sourceTree = "<group>"; };
		444F9ED223757980004ED5C6 /* PersonCompanyTableViewController.swift */ = {isa = PBXFileReference; lastKnownFileType = sourcecode.swift; path = PersonCompanyTableViewController.swift; sourceTree = "<group>"; };
		444F9ED423757CBF004ED5C6 /* PersonCompanyTableViewCell.swift */ = {isa = PBXFileReference; lastKnownFileType = sourcecode.swift; path = PersonCompanyTableViewCell.swift; sourceTree = "<group>"; };
		444F9ED62375A644004ED5C6 /* EditPersonViewController.swift */ = {isa = PBXFileReference; lastKnownFileType = sourcecode.swift; path = EditPersonViewController.swift; sourceTree = "<group>"; };
/* End PBXFileReference section */

/* Begin PBXFrameworksBuildPhase section */
		442F8504236EC7E6007B3CD1 /* Frameworks */ = {
			isa = PBXFrameworksBuildPhase;
			buildActionMask = 2147483647;
			files = (
			);
			runOnlyForDeploymentPostprocessing = 0;
		};
/* End PBXFrameworksBuildPhase section */

/* Begin PBXGroup section */
		442F84FE236EC7E5007B3CD1 = {
			isa = PBXGroup;
			children = (
				442F8509236EC7E6007B3CD1 /* Filistovich_Ruslan_CoreData_wh */,
				442F8508236EC7E6007B3CD1 /* Products */,
			);
			sourceTree = "<group>";
		};
		442F8508236EC7E6007B3CD1 /* Products */ = {
			isa = PBXGroup;
			children = (
				442F8507236EC7E6007B3CD1 /* Filistovich_Ruslan_CoreData_wh.app */,
			);
			name = Products;
			sourceTree = "<group>";
		};
		442F8509236EC7E6007B3CD1 /* Filistovich_Ruslan_CoreData_wh */ = {
			isa = PBXGroup;
			children = (
				444040DC2370BBE500A9C9ED /* Person+CoreDataClass.swift */,
				444040DD2370BBE500A9C9ED /* Person+CoreDataProperties.swift */,
				444040DE2370BBE500A9C9ED /* Company+CoreDataClass.swift */,
				444040DF2370BBE500A9C9ED /* Company+CoreDataProperties.swift */,
				442F850A236EC7E6007B3CD1 /* AppDelegate.swift */,
				442F850C236EC7E6007B3CD1 /* SceneDelegate.swift */,
				442F850E236EC7E6007B3CD1 /* CompanyTableViewController.swift */,
				444F9ED223757980004ED5C6 /* PersonCompanyTableViewController.swift */,
				444F9ED423757CBF004ED5C6 /* PersonCompanyTableViewCell.swift */,
				444F9ED62375A644004ED5C6 /* EditPersonViewController.swift */,
				442F8510236EC7E6007B3CD1 /* Main.storyboard */,
				442F8516236EC7EA007B3CD1 /* Assets.xcassets */,
				442F8518236EC7EB007B3CD1 /* LaunchScreen.storyboard */,
				442F851B236EC7EB007B3CD1 /* Info.plist */,
				442F8513236EC7E6007B3CD1 /* Filistovich_Ruslan_CoreData_wh.xcdatamodeld */,
			);
			path = Filistovich_Ruslan_CoreData_wh;
			sourceTree = "<group>";
		};
/* End PBXGroup section */

/* Begin PBXNativeTarget section */
		442F8506236EC7E6007B3CD1 /* Filistovich_Ruslan_CoreData_wh */ = {
			isa = PBXNativeTarget;
			buildConfigurationList = 442F851E236EC7EB007B3CD1 /* Build configuration list for PBXNativeTarget "Filistovich_Ruslan_CoreData_wh" */;
			buildPhases = (
				442F8503236EC7E6007B3CD1 /* Sources */,
				442F8504236EC7E6007B3CD1 /* Frameworks */,
				442F8505236EC7E6007B3CD1 /* Resources */,
			);
			buildRules = (
			);
			dependencies = (
			);
			name = Filistovich_Ruslan_CoreData_wh;
			productName = Filistovich_Ruslan_CoreData_wh;
			productReference = 442F8507236EC7E6007B3CD1 /* Filistovich_Ruslan_CoreData_wh.app */;
			productType = "com.apple.product-type.application";
		};
/* End PBXNativeTarget section */

/* Begin PBXProject section */
		442F84FF236EC7E5007B3CD1 /* Project object */ = {
			isa = PBXProject;
			attributes = {
				LastSwiftUpdateCheck = 1100;
				LastUpgradeCheck = 1100;
				ORGANIZATIONNAME = "Ruslan Filistovich";
				TargetAttributes = {
					442F8506236EC7E6007B3CD1 = {
						CreatedOnToolsVersion = 11.0;
					};
				};
			};
			buildConfigurationList = 442F8502236EC7E5007B3CD1 /* Build configuration list for PBXProject "Filistovich_Ruslan_CoreData_wh" */;
			compatibilityVersion = "Xcode 9.3";
			developmentRegion = en;
			hasScannedForEncodings = 0;
			knownRegions = (
				en,
				Base,
			);
			mainGroup = 442F84FE236EC7E5007B3CD1;
			productRefGroup = 442F8508236EC7E6007B3CD1 /* Products */;
			projectDirPath = "";
			projectRoot = "";
			targets = (
				442F8506236EC7E6007B3CD1 /* Filistovich_Ruslan_CoreData_wh */,
			);
		};
/* End PBXProject section */

/* Begin PBXResourcesBuildPhase section */
		442F8505236EC7E6007B3CD1 /* Resources */ = {
			isa = PBXResourcesBuildPhase;
			buildActionMask = 2147483647;
			files = (
				442F851A236EC7EB007B3CD1 /* LaunchScreen.storyboard in Resources */,
				442F8517236EC7EA007B3CD1 /* Assets.xcassets in Resources */,
				442F8512236EC7E6007B3CD1 /* Main.storyboard in Resources */,
			);
			runOnlyForDeploymentPostprocessing = 0;
		};
/* End PBXResourcesBuildPhase section */

/* Begin PBXSourcesBuildPhase section */
		442F8503236EC7E6007B3CD1 /* Sources */ = {
			isa = PBXSourcesBuildPhase;
			buildActionMask = 2147483647;
			files = (
				442F850F236EC7E6007B3CD1 /* CompanyTableViewController.swift in Sources */,
				442F850B236EC7E6007B3CD1 /* AppDelegate.swift in Sources */,
				444040E32370BBE500A9C9ED /* Company+CoreDataProperties.swift in Sources */,
				444040E12370BBE500A9C9ED /* Person+CoreDataProperties.swift in Sources */,
				444040E02370BBE500A9C9ED /* Person+CoreDataClass.swift in Sources */,
				444F9ED523757CC0004ED5C6 /* PersonCompanyTableViewCell.swift in Sources */,
				442F850D236EC7E6007B3CD1 /* SceneDelegate.swift in Sources */,
				444F9ED323757980004ED5C6 /* PersonCompanyTableViewController.swift in Sources */,
				444040E22370BBE500A9C9ED /* Company+CoreDataClass.swift in Sources */,
				442F8515236EC7E6007B3CD1 /* Filistovich_Ruslan_CoreData_wh.xcdatamodeld in Sources */,
				444F9ED72375A644004ED5C6 /* EditPersonViewController.swift in Sources */,
			);
			runOnlyForDeploymentPostprocessing = 0;
		};
/* End PBXSourcesBuildPhase section */

/* Begin PBXVariantGroup section */
		442F8510236EC7E6007B3CD1 /* Main.storyboard */ = {
			isa = PBXVariantGroup;
			children = (
				442F8511236EC7E6007B3CD1 /* Base */,
			);
			name = Main.storyboard;
			sourceTree = "<group>";
		};
		442F8518236EC7EB007B3CD1 /* LaunchScreen.storyboard */ = {
			isa = PBXVariantGroup;
			children = (
				442F8519236EC7EB007B3CD1 /* Base */,
			);
			name = LaunchScreen.storyboard;
			sourceTree = "<group>";
		};
/* End PBXVariantGroup section */

/* Begin XCBuildConfiguration section */
		442F851C236EC7EB007B3CD1 /* Debug */ = {
			isa = XCBuildConfiguration;
			buildSettings = {
				ALWAYS_SEARCH_USER_PATHS = NO;
				CLANG_ANALYZER_NONNULL = YES;
				CLANG_ANALYZER_NUMBER_OBJECT_CONVERSION = YES_AGGRESSIVE;
				CLANG_CXX_LANGUAGE_STANDARD = "gnu++14";
				CLANG_CXX_LIBRARY = "libc++";
				CLANG_ENABLE_MODULES = YES;
				CLANG_ENABLE_OBJC_ARC = YES;
				CLANG_ENABLE_OBJC_WEAK = YES;
				CLANG_WARN_BLOCK_CAPTURE_AUTORELEASING = YES;
				CLANG_WARN_BOOL_CONVERSION = YES;
				CLANG_WARN_COMMA = YES;
				CLANG_WARN_CONSTANT_CONVERSION = YES;
				CLANG_WARN_DEPRECATED_OBJC_IMPLEMENTATIONS = YES;
				CLANG_WARN_DIRECT_OBJC_ISA_USAGE = YES_ERROR;
				CLANG_WARN_DOCUMENTATION_COMMENTS = YES;
				CLANG_WARN_EMPTY_BODY = YES;
				CLANG_WARN_ENUM_CONVERSION = YES;
				CLANG_WARN_INFINITE_RECURSION = YES;
				CLANG_WARN_INT_CONVERSION = YES;
				CLANG_WARN_NON_LITERAL_NULL_CONVERSION = YES;
				CLANG_WARN_OBJC_IMPLICIT_RETAIN_SELF = YES;
				CLANG_WARN_OBJC_LITERAL_CONVERSION = YES;
				CLANG_WARN_OBJC_ROOT_CLASS = YES_ERROR;
				CLANG_WARN_RANGE_LOOP_ANALYSIS = YES;
				CLANG_WARN_STRICT_PROTOTYPES = YES;
				CLANG_WARN_SUSPICIOUS_MOVE = YES;
				CLANG_WARN_UNGUARDED_AVAILABILITY = YES_AGGRESSIVE;
				CLANG_WARN_UNREACHABLE_CODE = YES;
				CLANG_WARN__DUPLICATE_METHOD_MATCH = YES;
				COPY_PHASE_STRIP = NO;
				DEBUG_INFORMATION_FORMAT = dwarf;
				ENABLE_STRICT_OBJC_MSGSEND = YES;
				ENABLE_TESTABILITY = YES;
				GCC_C_LANGUAGE_STANDARD = gnu11;
				GCC_DYNAMIC_NO_PIC = NO;
				GCC_NO_COMMON_BLOCKS = YES;
				GCC_OPTIMIZATION_LEVEL = 0;
				GCC_PREPROCESSOR_DEFINITIONS = (
					"DEBUG=1",
					"$(inherited)",
				);
				GCC_WARN_64_TO_32_BIT_CONVERSION = YES;
				GCC_WARN_ABOUT_RETURN_TYPE = YES_ERROR;
				GCC_WARN_UNDECLARED_SELECTOR = YES;
				GCC_WARN_UNINITIALIZED_AUTOS = YES_AGGRESSIVE;
				GCC_WARN_UNUSED_FUNCTION = YES;
				GCC_WARN_UNUSED_VARIABLE = YES;
				IPHONEOS_DEPLOYMENT_TARGET = 13.0;
				MTL_ENABLE_DEBUG_INFO = INCLUDE_SOURCE;
				MTL_FAST_MATH = YES;
				ONLY_ACTIVE_ARCH = YES;
				SDKROOT = iphoneos;
				SWIFT_ACTIVE_COMPILATION_CONDITIONS = DEBUG;
				SWIFT_OPTIMIZATION_LEVEL = "-Onone";
			};
			name = Debug;
		};
		442F851D236EC7EB007B3CD1 /* Release */ = {
			isa = XCBuildConfiguration;
			buildSettings = {
				ALWAYS_SEARCH_USER_PATHS = NO;
				CLANG_ANALYZER_NONNULL = YES;
				CLANG_ANALYZER_NUMBER_OBJECT_CONVERSION = YES_AGGRESSIVE;
				CLANG_CXX_LANGUAGE_STANDARD = "gnu++14";
				CLANG_CXX_LIBRARY = "libc++";
				CLANG_ENABLE_MODULES = YES;
				CLANG_ENABLE_OBJC_ARC = YES;
				CLANG_ENABLE_OBJC_WEAK = YES;
				CLANG_WARN_BLOCK_CAPTURE_AUTORELEASING = YES;
				CLANG_WARN_BOOL_CONVERSION = YES;
				CLANG_WARN_COMMA = YES;
				CLANG_WARN_CONSTANT_CONVERSION = YES;
				CLANG_WARN_DEPRECATED_OBJC_IMPLEMENTATIONS = YES;
				CLANG_WARN_DIRECT_OBJC_ISA_USAGE = YES_ERROR;
				CLANG_WARN_DOCUMENTATION_COMMENTS = YES;
				CLANG_WARN_EMPTY_BODY = YES;
				CLANG_WARN_ENUM_CONVERSION = YES;
				CLANG_WARN_INFINITE_RECURSION = YES;
				CLANG_WARN_INT_CONVERSION = YES;
				CLANG_WARN_NON_LITERAL_NULL_CONVERSION = YES;
				CLANG_WARN_OBJC_IMPLICIT_RETAIN_SELF = YES;
				CLANG_WARN_OBJC_LITERAL_CONVERSION = YES;
				CLANG_WARN_OBJC_ROOT_CLASS = YES_ERROR;
				CLANG_WARN_RANGE_LOOP_ANALYSIS = YES;
				CLANG_WARN_STRICT_PROTOTYPES = YES;
				CLANG_WARN_SUSPICIOUS_MOVE = YES;
				CLANG_WARN_UNGUARDED_AVAILABILITY = YES_AGGRESSIVE;
				CLANG_WARN_UNREACHABLE_CODE = YES;
				CLANG_WARN__DUPLICATE_METHOD_MATCH = YES;
				COPY_PHASE_STRIP = NO;
				DEBUG_INFORMATION_FORMAT = "dwarf-with-dsym";
				ENABLE_NS_ASSERTIONS = NO;
				ENABLE_STRICT_OBJC_MSGSEND = YES;
				GCC_C_LANGUAGE_STANDARD = gnu11;
				GCC_NO_COMMON_BLOCKS = YES;
				GCC_WARN_64_TO_32_BIT_CONVERSION = YES;
				GCC_WARN_ABOUT_RETURN_TYPE = YES_ERROR;
				GCC_WARN_UNDECLARED_SELECTOR = YES;
				GCC_WARN_UNINITIALIZED_AUTOS = YES_AGGRESSIVE;
				GCC_WARN_UNUSED_FUNCTION = YES;
				GCC_WARN_UNUSED_VARIABLE = YES;
				IPHONEOS_DEPLOYMENT_TARGET = 13.0;
				MTL_ENABLE_DEBUG_INFO = NO;
				MTL_FAST_MATH = YES;
				SDKROOT = iphoneos;
				SWIFT_COMPILATION_MODE = wholemodule;
				SWIFT_OPTIMIZATION_LEVEL = "-O";
				VALIDATE_PRODUCT = YES;
			};
			name = Release;
		};
		442F851F236EC7EB007B3CD1 /* Debug */ = {
			isa = XCBuildConfiguration;
			buildSettings = {
				ASSETCATALOG_COMPILER_APPICON_NAME = AppIcon;
				CODE_SIGN_STYLE = Automatic;
				INFOPLIST_FILE = Filistovich_Ruslan_CoreData_wh/Info.plist;
				LD_RUNPATH_SEARCH_PATHS = (
					"$(inherited)",
					"@executable_path/Frameworks",
				);
				PRODUCT_BUNDLE_IDENTIFIER = "com.ruslan.Filistovich-Ruslan-CoreData-wh";
				PRODUCT_NAME = "$(TARGET_NAME)";
				SWIFT_VERSION = 5.0;
				TARGETED_DEVICE_FAMILY = 1;
			};
			name = Debug;
		};
		442F8520236EC7EB007B3CD1 /* Release */ = {
			isa = XCBuildConfiguration;
			buildSettings = {
				ASSETCATALOG_COMPILER_APPICON_NAME = AppIcon;
				CODE_SIGN_STYLE = Automatic;
				INFOPLIST_FILE = Filistovich_Ruslan_CoreData_wh/Info.plist;
				LD_RUNPATH_SEARCH_PATHS = (
					"$(inherited)",
					"@executable_path/Frameworks",
				);
				PRODUCT_BUNDLE_IDENTIFIER = "com.ruslan.Filistovich-Ruslan-CoreData-wh";
				PRODUCT_NAME = "$(TARGET_NAME)";
				SWIFT_VERSION = 5.0;
				TARGETED_DEVICE_FAMILY = 1;
			};
			name = Release;
		};
/* End XCBuildConfiguration section */

/* Begin XCConfigurationList section */
		442F8502236EC7E5007B3CD1 /* Build configuration list for PBXProject "Filistovich_Ruslan_CoreData_wh" */ = {
			isa = XCConfigurationList;
			buildConfigurations = (
				442F851C236EC7EB007B3CD1 /* Debug */,
				442F851D236EC7EB007B3CD1 /* Release */,
			);
			defaultConfigurationIsVisible = 0;
			defaultConfigurationName = Release;
		};
		442F851E236EC7EB007B3CD1 /* Build configuration list for PBXNativeTarget "Filistovich_Ruslan_CoreData_wh" */ = {
			isa = XCConfigurationList;
			buildConfigurations = (
				442F851F236EC7EB007B3CD1 /* Debug */,
				442F8520236EC7EB007B3CD1 /* Release */,
			);
			defaultConfigurationIsVisible = 0;
			defaultConfigurationName = Release;
		};
/* End XCConfigurationList section */

/* Begin XCVersionGroup section */
		442F8513236EC7E6007B3CD1 /* Filistovich_Ruslan_CoreData_wh.xcdatamodeld */ = {
			isa = XCVersionGroup;
			children = (
				442F8514236EC7E6007B3CD1 /* Filistovich_Ruslan_CoreData_wh.xcdatamodel */,
			);
			currentVersion = 442F8514236EC7E6007B3CD1 /* Filistovich_Ruslan_CoreData_wh.xcdatamodel */;
			path = Filistovich_Ruslan_CoreData_wh.xcdatamodeld;
			sourceTree = "<group>";
			versionGroupType = wrapper.xcdatamodel;
		};
/* End XCVersionGroup section */
	};
	rootObject = 442F84FF236EC7E5007B3CD1 /* Project object */;
}
